{
  "name": "AssetManagementSystem",
  "version": "1.0.0",
  "lockfileVersion": 1,
  "dependencies": {
    "body-parser": {
      "version": "1.20.2",
      "resolved": "https://registry.npmjs.org/body-parser/-/body-parser-1.20.2.tgz",
      "integrity": "sha512-nwzkT+mzJw9w7Mz5AdJjDKPwlqf7pXrP10MxQojyBfUuk+UOG84Zozg3tGC/2DAXGkgw/6MmDaQ6GHeQYpH5KQ==",
      "dev": true,
      "engines": {
        "node": ">= 0.8.0"
      }
    },
    "cors": {
      "version": "2.8.5",
      "resolved": "https://registry.npmjs.org/cors/-/cors-2.8.5.tgz",
      "integrity": "sha512-HWh4+xhIR0n4A9YcG/40+7iRX6yfnmeK5Ty8yoChzRBGzI5zsnZ0QzMN4o6ECsZ61XdeDJ3lIQ1mLPF2tFoFA=="
    },
    "express": {
      "version": "4.18.2",
      "resolved": "https://registry.npmjs.org/express/-/express-4.18.2.tgz",
      "integrity": "sha512-2yRAkZRJMhRf7s+ZZ+efM4zVz5BtxZ2JvT+eCCCEgCvBO4+dkHZ++0U9r0l2Zl8vFrzwKZpzoShmCj+PM5oEw=="
    },
    "express-rate-limit": {
      "version": "5.5.0",
      "resolved": "https://registry.npmjs.org/express-rate-limit/-/express-rate-limit-5.5.0.tgz",
      "integrity": "sha512-QgzQ47L6KbrnV1t1G2tSTI+IVCqLwQvJZor6gC3/O7ElcPLw3rJYUy/nFq5UlmOluGe5DkVSjAF0Ws0fz8e4OQ==",
      "dev": true
    },
    "path": {
      "version": "0.12.7",
      "resolved": "https://registry.npmjs.org/path/-/path-0.12.7.tgz",
      "integrity": "sha512-3w6XzmB1E9O7TwLr5IKlZxZ9K4kdT4B82hCkg3esK5F1ct6UOwRJWnx0eFGcRAzEo3SclAEH6p2pqMbkI9kNw=="
    },
    "random-id": {
      "version": "1.0.0",
      "resolved": "https://registry.npmjs.org/random-id/-/random-id-1.0.0.tgz",
      "integrity": "sha512-1UPOA/G7opql00v5JWoyr4D6gPeHDHl9er8hL5n1OVzmY3/mIlB8rXvfrK1OKbLwgsUG+a2RrRfGop51rTeKVA=="
    },
    "request": {
      "version": "2.88.2",
      "resolved": "https://registry.npmjs.org/request/-/request-2.88.2.tgz",
      "integrity": "sha512-j9hOgeF2KPUh5t5bY54Vggcijcn4AeDGi0BvsYrCn0lxALpWjG0V7a1rE67hQbNHRNJ8yfg6yZ9xRT7JlUOeBA=="
    }
  }
}
